// !$*UTF8*$!
{
	archiveVersion = 1;
	classes = {
	};
	objectVersion = 56;
	objects = {

/* Begin PBXBuildFile section */
		3B4DF8B72BE9F23400633B79 /* RealityKitContent in Frameworks */ = {isa = PBXBuildFile; productRef = 3B4DF8B62BE9F23400633B79 /* RealityKitContent */; };
		3B4DF8B92BE9F23400633B79 /* visonProMusicStudioApp.swift in Sources */ = {isa = PBXBuildFile; fileRef = 3B4DF8B82BE9F23400633B79 /* visonProMusicStudioApp.swift */; };
		3B4DF8BB2BE9F23400633B79 /* ContentView.swift in Sources */ = {isa = PBXBuildFile; fileRef = 3B4DF8BA2BE9F23400633B79 /* ContentView.swift */; };
		3B4DF8BD2BE9F23400633B79 /* Assets.xcassets in Resources */ = {isa = PBXBuildFile; fileRef = 3B4DF8BC2BE9F23400633B79 /* Assets.xcassets */; };
		3B4DF8C02BE9F23400633B79 /* Preview Assets.xcassets in Resources */ = {isa = PBXBuildFile; fileRef = 3B4DF8BF2BE9F23400633B79 /* Preview Assets.xcassets */; };
		3B4DF8CB2BE9F23500633B79 /* visonProMusicStudioTests.swift in Sources */ = {isa = PBXBuildFile; fileRef = 3B4DF8CA2BE9F23500633B79 /* visonProMusicStudioTests.swift */; };
		3B4DF8D62BE9F42E00633B79 /* SideMenuItem.swift in Sources */ = {isa = PBXBuildFile; fileRef = 3B4DF8D52BE9F42E00633B79 /* SideMenuItem.swift */; };
		3B4DF8D92BE9F6CD00633B79 /* SideBarViews.swift in Sources */ = {isa = PBXBuildFile; fileRef = 3B4DF8D82BE9F6CD00633B79 /* SideBarViews.swift */; };
		3B4DF8DB2BE9FC2800633B79 /* Album.swift in Sources */ = {isa = PBXBuildFile; fileRef = 3B4DF8DA2BE9FC2800633B79 /* Album.swift */; };
/* End PBXBuildFile section */

/* Begin PBXContainerItemProxy section */
		3B4DF8C72BE9F23500633B79 /* PBXContainerItemProxy */ = {
			isa = PBXContainerItemProxy;
			containerPortal = 3B4DF8A92BE9F23400633B79 /* Project object */;
			proxyType = 1;
			remoteGlobalIDString = 3B4DF8B02BE9F23400633B79;
			remoteInfo = visonProMusicStudio;
		};
/* End PBXContainerItemProxy section */

/* Begin PBXFileReference section */
		3B4DF8B12BE9F23400633B79 /* visonProMusicStudio.app */ = {isa = PBXFileReference; explicitFileType = wrapper.application; includeInIndex = 0; path = visonProMusicStudio.app; sourceTree = BUILT_PRODUCTS_DIR; };
		3B4DF8B52BE9F23400633B79 /* RealityKitContent */ = {isa = PBXFileReference; lastKnownFileType = wrapper; path = RealityKitContent; sourceTree = "<group>"; };
		3B4DF8B82BE9F23400633B79 /* visonProMusicStudioApp.swift */ = {isa = PBXFileReference; lastKnownFileType = sourcecode.swift; path = visonProMusicStudioApp.swift; sourceTree = "<group>"; };
		3B4DF8BA2BE9F23400633B79 /* ContentView.swift */ = {isa = PBXFileReference; lastKnownFileType = sourcecode.swift; path = ContentView.swift; sourceTree = "<group>"; };
		3B4DF8BC2BE9F23400633B79 /* Assets.xcassets */ = {isa = PBXFileReference; lastKnownFileType = folder.assetcatalog; path = Assets.xcassets; sourceTree = "<group>"; };
		3B4DF8BF2BE9F23400633B79 /* Preview Assets.xcassets */ = {isa = PBXFileReference; lastKnownFileType = folder.assetcatalog; path = "Preview Assets.xcassets"; sourceTree = "<group>"; };
		3B4DF8C12BE9F23400633B79 /* Info.plist */ = {isa = PBXFileReference; lastKnownFileType = text.plist.xml; path = Info.plist; sourceTree = "<group>"; };
		3B4DF8C62BE9F23500633B79 /* visonProMusicStudioTests.xctest */ = {isa = PBXFileReference; explicitFileType = wrapper.cfbundle; includeInIndex = 0; path = visonProMusicStudioTests.xctest; sourceTree = BUILT_PRODUCTS_DIR; };
		3B4DF8CA2BE9F23500633B79 /* visonProMusicStudioTests.swift */ = {isa = PBXFileReference; lastKnownFileType = sourcecode.swift; path = visonProMusicStudioTests.swift; sourceTree = "<group>"; };
		3B4DF8D52BE9F42E00633B79 /* SideMenuItem.swift */ = {isa = PBXFileReference; lastKnownFileType = sourcecode.swift; path = SideMenuItem.swift; sourceTree = "<group>"; };
		3B4DF8D82BE9F6CD00633B79 /* SideBarViews.swift */ = {isa = PBXFileReference; lastKnownFileType = sourcecode.swift; path = SideBarViews.swift; sourceTree = "<group>"; };
		3B4DF8DA2BE9FC2800633B79 /* Album.swift */ = {isa = PBXFileReference; lastKnownFileType = sourcecode.swift; path = Album.swift; sourceTree = "<group>"; };
/* End PBXFileReference section */

/* Begin PBXFrameworksBuildPhase section */
		3B4DF8AE2BE9F23400633B79 /* Frameworks */ = {
			isa = PBXFrameworksBuildPhase;
			buildActionMask = 2147483647;
			files = (
				3B4DF8B72BE9F23400633B79 /* RealityKitContent in Frameworks */,
			);
			runOnlyForDeploymentPostprocessing = 0;
		};
		3B4DF8C32BE9F23500633B79 /* Frameworks */ = {
			isa = PBXFrameworksBuildPhase;
			buildActionMask = 2147483647;
			files = (
			);
			runOnlyForDeploymentPostprocessing = 0;
		};
/* End PBXFrameworksBuildPhase section */

/* Begin PBXGroup section */
		3B4DF8A82BE9F23400633B79 = {
			isa = PBXGroup;
			children = (
				3B4DF8D72BE9F6AB00633B79 /* Views */,
				3B4DF8D42BE9F41400633B79 /* Models */,
				3B4DF8B32BE9F23400633B79 /* visonProMusicStudio */,
				3B4DF8B42BE9F23400633B79 /* Packages */,
				3B4DF8C92BE9F23500633B79 /* visonProMusicStudioTests */,
				3B4DF8B22BE9F23400633B79 /* Products */,
			);
			sourceTree = "<group>";
		};
		3B4DF8B22BE9F23400633B79 /* Products */ = {
			isa = PBXGroup;
			children = (
				3B4DF8B12BE9F23400633B79 /* visonProMusicStudio.app */,
				3B4DF8C62BE9F23500633B79 /* visonProMusicStudioTests.xctest */,
			);
			name = Products;
			sourceTree = "<group>";
		};
		3B4DF8B32BE9F23400633B79 /* visonProMusicStudio */ = {
			isa = PBXGroup;
			children = (
				3B4DF8B82BE9F23400633B79 /* visonProMusicStudioApp.swift */,
				3B4DF8BA2BE9F23400633B79 /* ContentView.swift */,
				3B4DF8BC2BE9F23400633B79 /* Assets.xcassets */,
				3B4DF8C12BE9F23400633B79 /* Info.plist */,
				3B4DF8BE2BE9F23400633B79 /* Preview Content */,
			);
			path = visonProMusicStudio;
			sourceTree = "<group>";
		};
		3B4DF8B42BE9F23400633B79 /* Packages */ = {
			isa = PBXGroup;
			children = (
				3B4DF8B52BE9F23400633B79 /* RealityKitContent */,
			);
			path = Packages;
			sourceTree = "<group>";
		};
		3B4DF8BE2BE9F23400633B79 /* Preview Content */ = {
			isa = PBXGroup;
			children = (
				3B4DF8BF2BE9F23400633B79 /* Preview Assets.xcassets */,
			);
			path = "Preview Content";
			sourceTree = "<group>";
		};
		3B4DF8C92BE9F23500633B79 /* visonProMusicStudioTests */ = {
			isa = PBXGroup;
			children = (
				3B4DF8CA2BE9F23500633B79 /* visonProMusicStudioTests.swift */,
			);
			path = visonProMusicStudioTests;
			sourceTree = "<group>";
		};
		3B4DF8D42BE9F41400633B79 /* Models */ = {
			isa = PBXGroup;
			children = (
				3B4DF8D52BE9F42E00633B79 /* SideMenuItem.swift */,
				3B4DF8DA2BE9FC2800633B79 /* Album.swift */,
			);
			path = Models;
			sourceTree = "<group>";
		};
		3B4DF8D72BE9F6AB00633B79 /* Views */ = {
			isa = PBXGroup;
			children = (
				3B4DF8D82BE9F6CD00633B79 /* SideBarViews.swift */,
			);
			path = Views;
			sourceTree = "<group>";
		};
/* End PBXGroup section */

/* Begin PBXNativeTarget section */
		3B4DF8B02BE9F23400633B79 /* visonProMusicStudio */ = {
			isa = PBXNativeTarget;
			buildConfigurationList = 3B4DF8CE2BE9F23500633B79 /* Build configuration list for PBXNativeTarget "visonProMusicStudio" */;
			buildPhases = (
				3B4DF8AD2BE9F23400633B79 /* Sources */,
				3B4DF8AE2BE9F23400633B79 /* Frameworks */,
				3B4DF8AF2BE9F23400633B79 /* Resources */,
			);
			buildRules = (
			);
			dependencies = (
			);
			name = visonProMusicStudio;
			packageProductDependencies = (
				3B4DF8B62BE9F23400633B79 /* RealityKitContent */,
			);
			productName = visonProMusicStudio;
			productReference = 3B4DF8B12BE9F23400633B79 /* visonProMusicStudio.app */;
			productType = "com.apple.product-type.application";
		};
		3B4DF8C52BE9F23500633B79 /* visonProMusicStudioTests */ = {
			isa = PBXNativeTarget;
			buildConfigurationList = 3B4DF8D12BE9F23500633B79 /* Build configuration list for PBXNativeTarget "visonProMusicStudioTests" */;
			buildPhases = (
				3B4DF8C22BE9F23500633B79 /* Sources */,
				3B4DF8C32BE9F23500633B79 /* Frameworks */,
				3B4DF8C42BE9F23500633B79 /* Resources */,
			);
			buildRules = (
			);
			dependencies = (
				3B4DF8C82BE9F23500633B79 /* PBXTargetDependency */,
			);
			name = visonProMusicStudioTests;
			productName = visonProMusicStudioTests;
			productReference = 3B4DF8C62BE9F23500633B79 /* visonProMusicStudioTests.xctest */;
			productType = "com.apple.product-type.bundle.unit-test";
		};
/* End PBXNativeTarget section */

/* Begin PBXProject section */
		3B4DF8A92BE9F23400633B79 /* Project object */ = {
			isa = PBXProject;
			attributes = {
				BuildIndependentTargetsInParallel = 1;
				LastSwiftUpdateCheck = 1530;
				LastUpgradeCheck = 1530;
				TargetAttributes = {
					3B4DF8B02BE9F23400633B79 = {
						CreatedOnToolsVersion = 15.3;
					};
					3B4DF8C52BE9F23500633B79 = {
						CreatedOnToolsVersion = 15.3;
						TestTargetID = 3B4DF8B02BE9F23400633B79;
					};
				};
			};
			buildConfigurationList = 3B4DF8AC2BE9F23400633B79 /* Build configuration list for PBXProject "visonProMusicStudio" */;
			compatibilityVersion = "Xcode 14.0";
			developmentRegion = en;
			hasScannedForEncodings = 0;
			knownRegions = (
				en,
				Base,
			);
			mainGroup = 3B4DF8A82BE9F23400633B79;
			productRefGroup = 3B4DF8B22BE9F23400633B79 /* Products */;
			projectDirPath = "";
			projectRoot = "";
			targets = (
				3B4DF8B02BE9F23400633B79 /* visonProMusicStudio */,
				3B4DF8C52BE9F23500633B79 /* visonProMusicStudioTests */,
			);
		};
/* End PBXProject section */

/* Begin PBXResourcesBuildPhase section */
		3B4DF8AF2BE9F23400633B79 /* Resources */ = {
			isa = PBXResourcesBuildPhase;
			buildActionMask = 2147483647;
			files = (
				3B4DF8C02BE9F23400633B79 /* Preview Assets.xcassets in Resources */,
				3B4DF8BD2BE9F23400633B79 /* Assets.xcassets in Resources */,
			);
			runOnlyForDeploymentPostprocessing = 0;
		};
		3B4DF8C42BE9F23500633B79 /* Resources */ = {
			isa = PBXResourcesBuildPhase;
			buildActionMask = 2147483647;
			files = (
			);
			runOnlyForDeploymentPostprocessing = 0;
		};
/* End PBXResourcesBuildPhase section */

/* Begin PBXSourcesBuildPhase section */
		3B4DF8AD2BE9F23400633B79 /* Sources */ = {
			isa = PBXSourcesBuildPhase;
			buildActionMask = 2147483647;
			files = (
				3B4DF8BB2BE9F23400633B79 /* ContentView.swift in Sources */,
				3B4DF8D92BE9F6CD00633B79 /* SideBarViews.swift in Sources */,
				3B4DF8B92BE9F23400633B79 /* visonProMusicStudioApp.swift in Sources */,
				3B4DF8D62BE9F42E00633B79 /* SideMenuItem.swift in Sources */,
				3B4DF8DB2BE9FC2800633B79 /* Album.swift in Sources */,
			);
			runOnlyForDeploymentPostprocessing = 0;
		};
		3B4DF8C22BE9F23500633B79 /* Sources */ = {
			isa = PBXSourcesBuildPhase;
			buildActionMask = 2147483647;
			files = (
				3B4DF8CB2BE9F23500633B79 /* visonProMusicStudioTests.swift in Sources */,
			);
			runOnlyForDeploymentPostprocessing = 0;
		};
/* End PBXSourcesBuildPhase section */

/* Begin PBXTargetDependency section */
		3B4DF8C82BE9F23500633B79 /* PBXTargetDependency */ = {
			isa = PBXTargetDependency;
			target = 3B4DF8B02BE9F23400633B79 /* visonProMusicStudio */;
			targetProxy = 3B4DF8C72BE9F23500633B79 /* PBXContainerItemProxy */;
		};
/* End PBXTargetDependency section */

/* Begin XCBuildConfiguration section */
		3B4DF8CC2BE9F23500633B79 /* Debug */ = {
			isa = XCBuildConfiguration;
			buildSettings = {
				ALWAYS_SEARCH_USER_PATHS = NO;
				ASSETCATALOG_COMPILER_GENERATE_SWIFT_ASSET_SYMBOL_EXTENSIONS = YES;
				CLANG_ANALYZER_NONNULL = YES;
				CLANG_ANALYZER_NUMBER_OBJECT_CONVERSION = YES_AGGRESSIVE;
				CLANG_CXX_LANGUAGE_STANDARD = "gnu++20";
				CLANG_ENABLE_MODULES = YES;
				CLANG_ENABLE_OBJC_ARC = YES;
				CLANG_ENABLE_OBJC_WEAK = YES;
				CLANG_WARN_BLOCK_CAPTURE_AUTORELEASING = YES;
				CLANG_WARN_BOOL_CONVERSION = YES;
				CLANG_WARN_COMMA = YES;
				CLANG_WARN_CONSTANT_CONVERSION = YES;
				CLANG_WARN_DEPRECATED_OBJC_IMPLEMENTATIONS = YES;
				CLANG_WARN_DIRECT_OBJC_ISA_USAGE = YES_ERROR;
				CLANG_WARN_DOCUMENTATION_COMMENTS = YES;
				CLANG_WARN_EMPTY_BODY = YES;
				CLANG_WARN_ENUM_CONVERSION = YES;
				CLANG_WARN_INFINITE_RECURSION = YES;
				CLANG_WARN_INT_CONVERSION = YES;
				CLANG_WARN_NON_LITERAL_NULL_CONVERSION = YES;
				CLANG_WARN_OBJC_IMPLICIT_RETAIN_SELF = YES;
				CLANG_WARN_OBJC_LITERAL_CONVERSION = YES;
				CLANG_WARN_OBJC_ROOT_CLASS = YES_ERROR;
				CLANG_WARN_QUOTED_INCLUDE_IN_FRAMEWORK_HEADER = YES;
				CLANG_WARN_RANGE_LOOP_ANALYSIS = YES;
				CLANG_WARN_STRICT_PROTOTYPES = YES;
				CLANG_WARN_SUSPICIOUS_MOVE = YES;
				CLANG_WARN_UNGUARDED_AVAILABILITY = YES_AGGRESSIVE;
				CLANG_WARN_UNREACHABLE_CODE = YES;
				CLANG_WARN__DUPLICATE_METHOD_MATCH = YES;
				COPY_PHASE_STRIP = NO;
				DEBUG_INFORMATION_FORMAT = dwarf;
				ENABLE_STRICT_OBJC_MSGSEND = YES;
				ENABLE_TESTABILITY = YES;
				ENABLE_USER_SCRIPT_SANDBOXING = YES;
				GCC_C_LANGUAGE_STANDARD = gnu17;
				GCC_DYNAMIC_NO_PIC = NO;
				GCC_NO_COMMON_BLOCKS = YES;
				GCC_OPTIMIZATION_LEVEL = 0;
				GCC_PREPROCESSOR_DEFINITIONS = (
					"DEBUG=1",
					"$(inherited)",
				);
				GCC_WARN_64_TO_32_BIT_CONVERSION = YES;
				GCC_WARN_ABOUT_RETURN_TYPE = YES_ERROR;
				GCC_WARN_UNDECLARED_SELECTOR = YES;
				GCC_WARN_UNINITIALIZED_AUTOS = YES_AGGRESSIVE;
				GCC_WARN_UNUSED_FUNCTION = YES;
				GCC_WARN_UNUSED_VARIABLE = YES;
				LOCALIZATION_PREFERS_STRING_CATALOGS = YES;
				MTL_ENABLE_DEBUG_INFO = INCLUDE_SOURCE;
				MTL_FAST_MATH = YES;
				ONLY_ACTIVE_ARCH = YES;
				SDKROOT = xros;
				SWIFT_ACTIVE_COMPILATION_CONDITIONS = "DEBUG $(inherited)";
				SWIFT_OPTIMIZATION_LEVEL = "-Onone";
				XROS_DEPLOYMENT_TARGET = 1.1;
			};
			name = Debug;
		};
		3B4DF8CD2BE9F23500633B79 /* Release */ = {
			isa = XCBuildConfiguration;
			buildSettings = {
				ALWAYS_SEARCH_USER_PATHS = NO;
				ASSETCATALOG_COMPILER_GENERATE_SWIFT_ASSET_SYMBOL_EXTENSIONS = YES;
				CLANG_ANALYZER_NONNULL = YES;
				CLANG_ANALYZER_NUMBER_OBJECT_CONVERSION = YES_AGGRESSIVE;
				CLANG_CXX_LANGUAGE_STANDARD = "gnu++20";
				CLANG_ENABLE_MODULES = YES;
				CLANG_ENABLE_OBJC_ARC = YES;
				CLANG_ENABLE_OBJC_WEAK = YES;
				CLANG_WARN_BLOCK_CAPTURE_AUTORELEASING = YES;
				CLANG_WARN_BOOL_CONVERSION = YES;
				CLANG_WARN_COMMA = YES;
				CLANG_WARN_CONSTANT_CONVERSION = YES;
				CLANG_WARN_DEPRECATED_OBJC_IMPLEMENTATIONS = YES;
				CLANG_WARN_DIRECT_OBJC_ISA_USAGE = YES_ERROR;
				CLANG_WARN_DOCUMENTATION_COMMENTS = YES;
				CLANG_WARN_EMPTY_BODY = YES;
				CLANG_WARN_ENUM_CONVERSION = YES;
				CLANG_WARN_INFINITE_RECURSION = YES;
				CLANG_WARN_INT_CONVERSION = YES;
				CLANG_WARN_NON_LITERAL_NULL_CONVERSION = YES;
				CLANG_WARN_OBJC_IMPLICIT_RETAIN_SELF = YES;
				CLANG_WARN_OBJC_LITERAL_CONVERSION = YES;
				CLANG_WARN_OBJC_ROOT_CLASS = YES_ERROR;
				CLANG_WARN_QUOTED_INCLUDE_IN_FRAMEWORK_HEADER = YES;
				CLANG_WARN_RANGE_LOOP_ANALYSIS = YES;
				CLANG_WARN_STRICT_PROTOTYPES = YES;
				CLANG_WARN_SUSPICIOUS_MOVE = YES;
				CLANG_WARN_UNGUARDED_AVAILABILITY = YES_AGGRESSIVE;
				CLANG_WARN_UNREACHABLE_CODE = YES;
				CLANG_WARN__DUPLICATE_METHOD_MATCH = YES;
				COPY_PHASE_STRIP = NO;
				DEBUG_INFORMATION_FORMAT = "dwarf-with-dsym";
				ENABLE_NS_ASSERTIONS = NO;
				ENABLE_STRICT_OBJC_MSGSEND = YES;
				ENABLE_USER_SCRIPT_SANDBOXING = YES;
				GCC_C_LANGUAGE_STANDARD = gnu17;
				GCC_NO_COMMON_BLOCKS = YES;
				GCC_WARN_64_TO_32_BIT_CONVERSION = YES;
				GCC_WARN_ABOUT_RETURN_TYPE = YES_ERROR;
				GCC_WARN_UNDECLARED_SELECTOR = YES;
				GCC_WARN_UNINITIALIZED_AUTOS = YES_AGGRESSIVE;
				GCC_WARN_UNUSED_FUNCTION = YES;
				GCC_WARN_UNUSED_VARIABLE = YES;
				LOCALIZATION_PREFERS_STRING_CATALOGS = YES;
				MTL_ENABLE_DEBUG_INFO = NO;
				MTL_FAST_MATH = YES;
				SDKROOT = xros;
				SWIFT_COMPILATION_MODE = wholemodule;
				VALIDATE_PRODUCT = YES;
				XROS_DEPLOYMENT_TARGET = 1.1;
			};
			name = Release;
		};
		3B4DF8CF2BE9F23500633B79 /* Debug */ = {
			isa = XCBuildConfiguration;
			buildSettings = {
				ASSETCATALOG_COMPILER_APPICON_NAME = AppIcon;
				ASSETCATALOG_COMPILER_GLOBAL_ACCENT_COLOR_NAME = AccentColor;
				CODE_SIGN_STYLE = Automatic;
				CURRENT_PROJECT_VERSION = 1;
				DEVELOPMENT_ASSET_PATHS = "\"visonProMusicStudio/Preview Content\"";
				ENABLE_PREVIEWS = YES;
				GENERATE_INFOPLIST_FILE = YES;
				INFOPLIST_FILE = "$(TARGET_NAME)/Info.plist";
				LD_RUNPATH_SEARCH_PATHS = (
					"$(inherited)",
					"@executable_path/Frameworks",
				);
				MARKETING_VERSION = 1.0;
				PRODUCT_BUNDLE_IDENTIFIER = fluttx.visonProMusicStudio;
				PRODUCT_NAME = "$(TARGET_NAME)";
				SUPPORTED_PLATFORMS = "xros xrsimulator";
				SWIFT_EMIT_LOC_STRINGS = YES;
				SWIFT_VERSION = 5.0;
				TARGETED_DEVICE_FAMILY = "1,2,7";
			};
			name = Debug;
		};
		3B4DF8D02BE9F23500633B79 /* Release */ = {
			isa = XCBuildConfiguration;
			buildSettings = {
				ASSETCATALOG_COMPILER_APPICON_NAME = AppIcon;
				ASSETCATALOG_COMPILER_GLOBAL_ACCENT_COLOR_NAME = AccentColor;
				CODE_SIGN_STYLE = Automatic;
				CURRENT_PROJECT_VERSION = 1;
				DEVELOPMENT_ASSET_PATHS = "\"visonProMusicStudio/Preview Content\"";
				ENABLE_PREVIEWS = YES;
				GENERATE_INFOPLIST_FILE = YES;
				INFOPLIST_FILE = "$(TARGET_NAME)/Info.plist";
				LD_RUNPATH_SEARCH_PATHS = (
					"$(inherited)",
					"@executable_path/Frameworks",
				);
				MARKETING_VERSION = 1.0;
				PRODUCT_BUNDLE_IDENTIFIER = fluttx.visonProMusicStudio;
				PRODUCT_NAME = "$(TARGET_NAME)";
				SUPPORTED_PLATFORMS = "xros xrsimulator";
				SWIFT_EMIT_LOC_STRINGS = YES;
				SWIFT_VERSION = 5.0;
				TARGETED_DEVICE_FAMILY = "1,2,7";
			};
			name = Release;
		};
		3B4DF8D22BE9F23500633B79 /* Debug */ = {
			isa = XCBuildConfiguration;
			buildSettings = {
				ALWAYS_EMBED_SWIFT_STANDARD_LIBRARIES = YES;
				BUNDLE_LOADER = "$(TEST_HOST)";
				CODE_SIGN_STYLE = Automatic;
				CURRENT_PROJECT_VERSION = 1;
				GENERATE_INFOPLIST_FILE = YES;
				MARKETING_VERSION = 1.0;
				PRODUCT_BUNDLE_IDENTIFIER = fluttx.visonProMusicStudioTests;
				PRODUCT_NAME = "$(TARGET_NAME)";
				SUPPORTED_PLATFORMS = "xros xrsimulator";
				SWIFT_EMIT_LOC_STRINGS = NO;
				SWIFT_VERSION = 5.0;
				TARGETED_DEVICE_FAMILY = "1,2,7";
				TEST_HOST = "$(BUILT_PRODUCTS_DIR)/visonProMusicStudio.app/$(BUNDLE_EXECUTABLE_FOLDER_PATH)/visonProMusicStudio";
				XROS_DEPLOYMENT_TARGET = 1.1;
			};
			name = Debug;
		};
		3B4DF8D32BE9F23500633B79 /* Release */ = {
			isa = XCBuildConfiguration;
			buildSettings = {
				ALWAYS_EMBED_SWIFT_STANDARD_LIBRARIES = YES;
				BUNDLE_LOADER = "$(TEST_HOST)";
				CODE_SIGN_STYLE = Automatic;
				CURRENT_PROJECT_VERSION = 1;
				GENERATE_INFOPLIST_FILE = YES;
				MARKETING_VERSION = 1.0;
				PRODUCT_BUNDLE_IDENTIFIER = fluttx.visonProMusicStudioTests;
				PRODUCT_NAME = "$(TARGET_NAME)";
				SUPPORTED_PLATFORMS = "xros xrsimulator";
				SWIFT_EMIT_LOC_STRINGS = NO;
				SWIFT_VERSION = 5.0;
				TARGETED_DEVICE_FAMILY = "1,2,7";
				TEST_HOST = "$(BUILT_PRODUCTS_DIR)/visonProMusicStudio.app/$(BUNDLE_EXECUTABLE_FOLDER_PATH)/visonProMusicStudio";
				XROS_DEPLOYMENT_TARGET = 1.1;
			};
			name = Release;
		};
/* End XCBuildConfiguration section */

/* Begin XCConfigurationList section */
		3B4DF8AC2BE9F23400633B79 /* Build configuration list for PBXProject "visonProMusicStudio" */ = {
			isa = XCConfigurationList;
			buildConfigurations = (
				3B4DF8CC2BE9F23500633B79 /* Debug */,
				3B4DF8CD2BE9F23500633B79 /* Release */,
			);
			defaultConfigurationIsVisible = 0;
			defaultConfigurationName = Release;
		};
		3B4DF8CE2BE9F23500633B79 /* Build configuration list for PBXNativeTarget "visonProMusicStudio" */ = {
			isa = XCConfigurationList;
			buildConfigurations = (
				3B4DF8CF2BE9F23500633B79 /* Debug */,
				3B4DF8D02BE9F23500633B79 /* Release */,
			);
			defaultConfigurationIsVisible = 0;
			defaultConfigurationName = Release;
		};
		3B4DF8D12BE9F23500633B79 /* Build configuration list for PBXNativeTarget "visonProMusicStudioTests" */ = {
			isa = XCConfigurationList;
			buildConfigurations = (
				3B4DF8D22BE9F23500633B79 /* Debug */,
				3B4DF8D32BE9F23500633B79 /* Release */,
			);
			defaultConfigurationIsVisible = 0;
			defaultConfigurationName = Release;
		};
/* End XCConfigurationList section */

/* Begin XCSwiftPackageProductDependency section */
		3B4DF8B62BE9F23400633B79 /* RealityKitContent */ = {
			isa = XCSwiftPackageProductDependency;
			productName = RealityKitContent;
		};
/* End XCSwiftPackageProductDependency section */
	};
	rootObject = 3B4DF8A92BE9F23400633B79 /* Project object */;
}
